
Microsoft Visual Studio Solution File, Format Version 12.00
# Visual Studio Version 17
VisualStudioVersion = 17.8.34112.27
MinimumVisualStudioVersion = 10.0.40219.1
Project("{FAE04EC0-301F-11D3-BF4B-00C04F79EFBC}") = "AnatomyAnalyzer", "AnatomyAnalyzer\AnatomyAnalyzer.csproj", "{B93879FA-94D7-4903-82B7-2C59364F59B9}"
EndProject
Project("{FAE04EC0-301F-11D3-BF4B-00C04F79EFBC}") = "DemoApp", "DemoApp\DemoApp.csproj", "{45742DE7-853D-46AC-B6F9-D1847F77FA4A}"
EndProject
Project("{FAE04EC0-301F-11D3-BF4B-00C04F79EFBC}") = "DemoApp.Support", "DemoApp.Support\DemoApp.Support.csproj", "{D2769476-D653-42D5-9696-4B2502895081}"
EndProject
Project("{2150E333-8FDC-42A3-9474-1A3956D46DE8}") = "NuGet", "NuGet", "{59B6EC2E-4E2C-4F56-88A7-C03C3F2E670A}"
EndProject
Project("{2150E333-8FDC-42A3-9474-1A3956D46DE8}") = "Demo", "Demo", "{DB855883-8183-47EF-80E4-2C4124982664}"
EndProject
Global
	GlobalSection(SolutionConfigurationPlatforms) = preSolution
		Debug|Any CPU = Debug|Any CPU
		Release|Any CPU = Release|Any CPU
	EndGlobalSection
	GlobalSection(ProjectConfigurationPlatforms) = postSolution
		{B93879FA-94D7-4903-82B7-2C59364F59B9}.Debug|Any CPU.ActiveCfg = Debug|Any CPU
		{B93879FA-94D7-4903-82B7-2C59364F59B9}.Debug|Any CPU.Build.0 = Debug|Any CPU
		{B93879FA-94D7-4903-82B7-2C59364F59B9}.Release|Any CPU.ActiveCfg = Release|Any CPU
		{B93879FA-94D7-4903-82B7-2C59364F59B9}.Release|Any CPU.Build.0 = Release|Any CPU
		{45742DE7-853D-46AC-B6F9-D1847F77FA4A}.Debug|Any CPU.ActiveCfg = Debug|Any CPU
		{45742DE7-853D-46AC-B6F9-D1847F77FA4A}.Debug|Any CPU.Build.0 = Debug|Any CPU
		{45742DE7-853D-46AC-B6F9-D1847F77FA4A}.Release|Any CPU.ActiveCfg = Release|Any CPU
		{45742DE7-853D-46AC-B6F9-D1847F77FA4A}.Release|Any CPU.Build.0 = Release|Any CPU
		{D2769476-D653-42D5-9696-4B2502895081}.Debug|Any CPU.ActiveCfg = Debug|Any CPU
		{D2769476-D653-42D5-9696-4B2502895081}.Debug|Any CPU.Build.0 = Debug|Any CPU
		{D2769476-D653-42D5-9696-4B2502895081}.Release|Any CPU.ActiveCfg = Release|Any CPU
		{D2769476-D653-42D5-9696-4B2502895081}.Release|Any CPU.Build.0 = Release|Any CPU
	EndGlobalSection
	GlobalSection(SolutionProperties) = preSolution
		HideSolutionNode = FALSE
	EndGlobalSection
	GlobalSection(NestedProjects) = preSolution
		{B93879FA-94D7-4903-82B7-2C59364F59B9} = {59B6EC2E-4E2C-4F56-88A7-C03C3F2E670A}
		{45742DE7-853D-46AC-B6F9-D1847F77FA4A} = {DB855883-8183-47EF-80E4-2C4124982664}
		{D2769476-D653-42D5-9696-4B2502895081} = {DB855883-8183-47EF-80E4-2C4124982664}
	EndGlobalSection
	GlobalSection(ExtensibilityGlobals) = postSolution
		SolutionGuid = {C8CD077F-4042-46C6-BDDB-EEBA476C1580}
	EndGlobalSection
EndGlobal
